# @generated by Move, please check-in and do not edit manually.

[move]
version = 3
manifest_digest = "694457296ABD8BC2F024628AC97F8FE0734B138E8D36638856FF36FEBF85CB52"
deps_digest = "F8BBB0CCB2491CA29A3DF03D6F92277A4F3574266507ACD77214D37ECA3F3082"
dependencies = [
  { id = "Sui", name = "Sui" },
]

[[move.package]]
id = "MoveStdlib"
source = { git = "https://github.com/MystenLabs/sui.git", rev = "testnet-v1.60.0", subdir = "crates\\sui-framework\\packages\\move-stdlib" }

[[move.package]]
id = "Sui"
source = { git = "https://github.com/MystenLabs/sui.git", rev = "testnet-v1.60.0", subdir = "crates/sui-framework/packages/sui-framework" }

dependencies = [
  { id = "MoveStdlib", name = "MoveStdlib" },
]

[move.toolchain-version]
compiler-version = "1.59.1"
edition = "2024.beta"
flavor = "sui"

[env]

[env.testnet]
chain-id = "4c78adac"
original-published-id = "0xa3be9c0ccbc141b2e349228fc2b6517b23f67ab136ffcdf1bf5fd7b7f5bfc747"
latest-published-id = "0xa3be9c0ccbc141b2e349228fc2b6517b23f67ab136ffcdf1bf5fd7b7f5bfc747"
published-version = "1"
